
Microsoft Visual Studio Solution File, Format Version 12.00
# Visual Studio 15
VisualStudioVersion = 15.0.26430.13
MinimumVisualStudioVersion = 10.0.40219.1
Project("{FAE04EC0-301F-11D3-BF4B-00C04F79EFBC}") = "Chronos.Server", "Chronos.Server\Chronos.Server.csproj", "{D1735652-10F0-4500-A791-87A6835F2AED}"
EndProject
Project("{FAE04EC0-301F-11D3-BF4B-00C04F79EFBC}") = "Chronos.Protocol", "Chronos.Protocol\Chronos.Protocol.csproj", "{17341D84-A39F-4169-A9C3-FAAF9691CD39}"
EndProject
Project("{FAE04EC0-301F-11D3-BF4B-00C04F79EFBC}") = "Chronos.Core", "Chronos.Core\Chronos.Core.csproj", "{781166CA-F5AD-42C0-A67E-175F6D185447}"
EndProject
Project("{FAE04EC0-301F-11D3-BF4B-00C04F79EFBC}") = "Chronos.ORM", "Chronos.ORM\Chronos.ORM.csproj", "{1FB5C587-0A9C-4DF8-8D20-61CED7692A47}"
EndProject
Project("{FAE04EC0-301F-11D3-BF4B-00C04F79EFBC}") = "Chronos.WDFExtractor", "CFlyFFAddonsExtractor\Chronos.WDFExtractor.csproj", "{ECDE8809-E6F1-4762-8D0D-3C833C0B8054}"
EndProject
Global
	GlobalSection(SolutionConfigurationPlatforms) = preSolution
		Debug|Any CPU = Debug|Any CPU
		Debug|x64 = Debug|x64
		Debug|x86 = Debug|x86
		Release|Any CPU = Release|Any CPU
		Release|x64 = Release|x64
		Release|x86 = Release|x86
	EndGlobalSection
	GlobalSection(ProjectConfigurationPlatforms) = postSolution
		{D1735652-10F0-4500-A791-87A6835F2AED}.Debug|Any CPU.ActiveCfg = Debug|Any CPU
		{D1735652-10F0-4500-A791-87A6835F2AED}.Debug|Any CPU.Build.0 = Debug|Any CPU
		{D1735652-10F0-4500-A791-87A6835F2AED}.Debug|x64.ActiveCfg = Debug|Any CPU
		{D1735652-10F0-4500-A791-87A6835F2AED}.Debug|x64.Build.0 = Debug|Any CPU
		{D1735652-10F0-4500-A791-87A6835F2AED}.Debug|x86.ActiveCfg = Debug|Any CPU
		{D1735652-10F0-4500-A791-87A6835F2AED}.Debug|x86.Build.0 = Debug|Any CPU
		{D1735652-10F0-4500-A791-87A6835F2AED}.Release|Any CPU.ActiveCfg = Release|Any CPU
		{D1735652-10F0-4500-A791-87A6835F2AED}.Release|Any CPU.Build.0 = Release|Any CPU
		{D1735652-10F0-4500-A791-87A6835F2AED}.Release|x64.ActiveCfg = Release|Any CPU
		{D1735652-10F0-4500-A791-87A6835F2AED}.Release|x64.Build.0 = Release|Any CPU
		{D1735652-10F0-4500-A791-87A6835F2AED}.Release|x86.ActiveCfg = Release|Any CPU
		{D1735652-10F0-4500-A791-87A6835F2AED}.Release|x86.Build.0 = Release|Any CPU
		{17341D84-A39F-4169-A9C3-FAAF9691CD39}.Debug|Any CPU.ActiveCfg = Debug|Any CPU
		{17341D84-A39F-4169-A9C3-FAAF9691CD39}.Debug|Any CPU.Build.0 = Debug|Any CPU
		{17341D84-A39F-4169-A9C3-FAAF9691CD39}.Debug|x64.ActiveCfg = Debug|Any CPU
		{17341D84-A39F-4169-A9C3-FAAF9691CD39}.Debug|x64.Build.0 = Debug|Any CPU
		{17341D84-A39F-4169-A9C3-FAAF9691CD39}.Debug|x86.ActiveCfg = Debug|Any CPU
		{17341D84-A39F-4169-A9C3-FAAF9691CD39}.Debug|x86.Build.0 = Debug|Any CPU
		{17341D84-A39F-4169-A9C3-FAAF9691CD39}.Release|Any CPU.ActiveCfg = Release|Any CPU
		{17341D84-A39F-4169-A9C3-FAAF9691CD39}.Release|Any CPU.Build.0 = Release|Any CPU
		{17341D84-A39F-4169-A9C3-FAAF9691CD39}.Release|x64.ActiveCfg = Release|Any CPU
		{17341D84-A39F-4169-A9C3-FAAF9691CD39}.Release|x64.Build.0 = Release|Any CPU
		{17341D84-A39F-4169-A9C3-FAAF9691CD39}.Release|x86.ActiveCfg = Release|Any CPU
		{17341D84-A39F-4169-A9C3-FAAF9691CD39}.Release|x86.Build.0 = Release|Any CPU
		{781166CA-F5AD-42C0-A67E-175F6D185447}.Debug|Any CPU.ActiveCfg = Debug|Any CPU
		{781166CA-F5AD-42C0-A67E-175F6D185447}.Debug|Any CPU.Build.0 = Debug|Any CPU
		{781166CA-F5AD-42C0-A67E-175F6D185447}.Debug|x64.ActiveCfg = Debug|Any CPU
		{781166CA-F5AD-42C0-A67E-175F6D185447}.Debug|x64.Build.0 = Debug|Any CPU
		{781166CA-F5AD-42C0-A67E-175F6D185447}.Debug|x86.ActiveCfg = Debug|Any CPU
		{781166CA-F5AD-42C0-A67E-175F6D185447}.Debug|x86.Build.0 = Debug|Any CPU
		{781166CA-F5AD-42C0-A67E-175F6D185447}.Release|Any CPU.ActiveCfg = Release|Any CPU
		{781166CA-F5AD-42C0-A67E-175F6D185447}.Release|Any CPU.Build.0 = Release|Any CPU
		{781166CA-F5AD-42C0-A67E-175F6D185447}.Release|x64.ActiveCfg = Release|Any CPU
		{781166CA-F5AD-42C0-A67E-175F6D185447}.Release|x64.Build.0 = Release|Any CPU
		{781166CA-F5AD-42C0-A67E-175F6D185447}.Release|x86.ActiveCfg = Release|Any CPU
		{781166CA-F5AD-42C0-A67E-175F6D185447}.Release|x86.Build.0 = Release|Any CPU
		{1FB5C587-0A9C-4DF8-8D20-61CED7692A47}.Debug|Any CPU.ActiveCfg = Debug|Any CPU
		{1FB5C587-0A9C-4DF8-8D20-61CED7692A47}.Debug|Any CPU.Build.0 = Debug|Any CPU
		{1FB5C587-0A9C-4DF8-8D20-61CED7692A47}.Debug|x64.ActiveCfg = Debug|Any CPU
		{1FB5C587-0A9C-4DF8-8D20-61CED7692A47}.Debug|x64.Build.0 = Debug|Any CPU
		{1FB5C587-0A9C-4DF8-8D20-61CED7692A47}.Debug|x86.ActiveCfg = Debug|Any CPU
		{1FB5C587-0A9C-4DF8-8D20-61CED7692A47}.Debug|x86.Build.0 = Debug|Any CPU
		{1FB5C587-0A9C-4DF8-8D20-61CED7692A47}.Release|Any CPU.ActiveCfg = Release|Any CPU
		{1FB5C587-0A9C-4DF8-8D20-61CED7692A47}.Release|Any CPU.Build.0 = Release|Any CPU
		{1FB5C587-0A9C-4DF8-8D20-61CED7692A47}.Release|x64.ActiveCfg = Release|Any CPU
		{1FB5C587-0A9C-4DF8-8D20-61CED7692A47}.Release|x64.Build.0 = Release|Any CPU
		{1FB5C587-0A9C-4DF8-8D20-61CED7692A47}.Release|x86.ActiveCfg = Release|Any CPU
		{1FB5C587-0A9C-4DF8-8D20-61CED7692A47}.Release|x86.Build.0 = Release|Any CPU
		{ECDE8809-E6F1-4762-8D0D-3C833C0B8054}.Debug|Any CPU.ActiveCfg = Debug|Any CPU
		{ECDE8809-E6F1-4762-8D0D-3C833C0B8054}.Debug|Any CPU.Build.0 = Debug|Any CPU
		{ECDE8809-E6F1-4762-8D0D-3C833C0B8054}.Debug|x64.ActiveCfg = Debug|Any CPU
		{ECDE8809-E6F1-4762-8D0D-3C833C0B8054}.Debug|x64.Build.0 = Debug|Any CPU
		{ECDE8809-E6F1-4762-8D0D-3C833C0B8054}.Debug|x86.ActiveCfg = Debug|Any CPU
		{ECDE8809-E6F1-4762-8D0D-3C833C0B8054}.Debug|x86.Build.0 = Debug|Any CPU
		{ECDE8809-E6F1-4762-8D0D-3C833C0B8054}.Release|Any CPU.ActiveCfg = Release|Any CPU
		{ECDE8809-E6F1-4762-8D0D-3C833C0B8054}.Release|Any CPU.Build.0 = Release|Any CPU
		{ECDE8809-E6F1-4762-8D0D-3C833C0B8054}.Release|x64.ActiveCfg = Release|Any CPU
		{ECDE8809-E6F1-4762-8D0D-3C833C0B8054}.Release|x64.Build.0 = Release|Any CPU
		{ECDE8809-E6F1-4762-8D0D-3C833C0B8054}.Release|x86.ActiveCfg = Release|Any CPU
		{ECDE8809-E6F1-4762-8D0D-3C833C0B8054}.Release|x86.Build.0 = Release|Any CPU
	EndGlobalSection
	GlobalSection(SolutionProperties) = preSolution
		HideSolutionNode = FALSE
	EndGlobalSection
EndGlobal
